
Microsoft Visual Studio Solution File, Format Version 12.00
# Visual Studio Version 17
VisualStudioVersion = 17.5.002.0
MinimumVisualStudioVersion = 10.0.40219.1
Project("{9A19103F-16F7-4668-BE54-9A1E7A4F7556}") = "ECOCRIA", "ECOCRIA.csproj", "{9B834722-9B5C-4FAC-B64C-F69DC1D14CCE}"
EndProject
Global
	GlobalSection(SolutionConfigurationPlatforms) = preSolution
		Debug|Any CPU = Debug|Any CPU
		Release|Any CPU = Release|Any CPU
	EndGlobalSection
	GlobalSection(ProjectConfigurationPlatforms) = postSolution
		{9B834722-9B5C-4FAC-B64C-F69DC1D14CCE}.Debug|Any CPU.ActiveCfg = Debug|Any CPU
		{9B834722-9B5C-4FAC-B64C-F69DC1D14CCE}.Debug|Any CPU.Build.0 = Debug|Any CPU
		{9B834722-9B5C-4FAC-B64C-F69DC1D14CCE}.Release|Any CPU.ActiveCfg = Release|Any CPU
		{9B834722-9B5C-4FAC-B64C-F69DC1D14CCE}.Release|Any CPU.Build.0 = Release|Any CPU
	EndGlobalSection
	GlobalSection(SolutionProperties) = preSolution
		HideSolutionNode = FALSE
	EndGlobalSection
	GlobalSection(ExtensibilityGlobals) = postSolution
		SolutionGuid = {F689FECE-FBEE-4FD8-9A54-2454346B01CE}
	EndGlobalSection
EndGlobal
